Microsoft Visual Studio Solution File, Format Version 12.00
# Visual Studio 2012
Project("{FAE04EC0-301F-11D3-BF4B-00C04F79EFBC}") = "godot", "godot.csproj", "{74B9AA1E-3D07-467B-947F-77F81B883692}"
EndProject
Global
	GlobalSection(SolutionConfigurationPlatforms) = preSolution
	Debug|Any CPU = Debug|Any CPU
	ExportDebug|Any CPU = ExportDebug|Any CPU
	ExportRelease|Any CPU = ExportRelease|Any CPU
	EndGlobalSection
	GlobalSection(ProjectConfigurationPlatforms) = postSolution
		{74B9AA1E-3D07-467B-947F-77F81B883692}.Debug|Any CPU.ActiveCfg = Debug|Any CPU
		{74B9AA1E-3D07-467B-947F-77F81B883692}.Debug|Any CPU.Build.0 = Debug|Any CPU
		{74B9AA1E-3D07-467B-947F-77F81B883692}.ExportDebug|Any CPU.ActiveCfg = ExportDebug|Any CPU
		{74B9AA1E-3D07-467B-947F-77F81B883692}.ExportDebug|Any CPU.Build.0 = ExportDebug|Any CPU
		{74B9AA1E-3D07-467B-947F-77F81B883692}.ExportRelease|Any CPU.ActiveCfg = ExportRelease|Any CPU
		{74B9AA1E-3D07-467B-947F-77F81B883692}.ExportRelease|Any CPU.Build.0 = ExportRelease|Any CPU
	EndGlobalSection
EndGlobal
